
Microsoft Visual Studio Solution File, Format Version 12.00
# Visual Studio Version 17
VisualStudioVersion = 17.9.34607.119
MinimumVisualStudioVersion = 10.0.40219.1
Project("{FAE04EC0-301F-11D3-BF4B-00C04F79EFBC}") = "QuanLyThueNha", "QuanLyThueNha\QuanLyThueNha.csproj", "{ABF8973B-215D-478F-9970-075C89C3B15A}"
EndProject
Global
	GlobalSection(SolutionConfigurationPlatforms) = preSolution
		Debug|Any CPU = Debug|Any CPU
		Release|Any CPU = Release|Any CPU
	EndGlobalSection
	GlobalSection(ProjectConfigurationPlatforms) = postSolution
		{ABF8973B-215D-478F-9970-075C89C3B15A}.Debug|Any CPU.ActiveCfg = Debug|Any CPU
		{ABF8973B-215D-478F-9970-075C89C3B15A}.Debug|Any CPU.Build.0 = Debug|Any CPU
		{ABF8973B-215D-478F-9970-075C89C3B15A}.Release|Any CPU.ActiveCfg = Release|Any CPU
		{ABF8973B-215D-478F-9970-075C89C3B15A}.Release|Any CPU.Build.0 = Release|Any CPU
	EndGlobalSection
	GlobalSection(SolutionProperties) = preSolution
		HideSolutionNode = FALSE
	EndGlobalSection
	GlobalSection(ExtensibilityGlobals) = postSolution
		SolutionGuid = {D613B196-3279-4B96-845E-F3BE59512F25}
	EndGlobalSection
EndGlobal
